PODS:
  - BIJKPlayer (0.7.16)
  - fijkplayer (0.11.0):
    - BIJKPlayer (~> 0.7.16)
    - Flutter
  - Flutter (1.0.0)
  - flutter_live (0.0.1):
    - Flutter
  - flutter_webrtc (0.9.36):
    - Flutter
    - WebRTC-SDK (= 114.5735.08)
  - HaishinKit (1.0.13):
    - Logboard (~> 2.1.3)
  - Logboard (2.1.3)
  - package_info_plus (0.4.5):
    - Flutter
  - path_provider_foundation (0.0.1):
    - Flutter
    - FlutterMacOS
  - rtmp_with_capture (0.0.1):
    - Flutter
    - HaishinKit (~> 1.0.10)
  - shared_preferences_foundation (0.0.1):
    - Flutter
    - FlutterMacOS
  - url_launcher_ios (0.0.1):
    - Flutter
  - WebRTC-SDK (114.5735.08)

DEPENDENCIES:
  - fijkplayer (from `.symlinks/plugins/fijkplayer/ios`)
  - Flutter (from `Flutter`)
  - flutter_live (from `.symlinks/plugins/flutter_live/ios`)
  - flutter_webrtc (from `.symlinks/plugins/flutter_webrtc/ios`)
  - package_info_plus (from `.symlinks/plugins/package_info_plus/ios`)
  - path_provider_foundation (from `.symlinks/plugins/path_provider_foundation/darwin`)
  - rtmp_with_capture (from `.symlinks/plugins/rtmp_with_capture/ios`)
  - shared_preferences_foundation (from `.symlinks/plugins/shared_preferences_foundation/darwin`)
  - url_launcher_ios (from `.symlinks/plugins/url_launcher_ios/ios`)

SPEC REPOS:
  trunk:
    - BIJKPlayer
    - HaishinKit
    - Logboard
    - WebRTC-SDK

EXTERNAL SOURCES:
  fijkplayer:
    :path: ".symlinks/plugins/fijkplayer/ios"
  Flutter:
    :path: Flutter
  flutter_live:
    :path: ".symlinks/plugins/flutter_live/ios"
  flutter_webrtc:
    :path: ".symlinks/plugins/flutter_webrtc/ios"
  package_info_plus:
    :path: ".symlinks/plugins/package_info_plus/ios"
  path_provider_foundation:
    :path: ".symlinks/plugins/path_provider_foundation/darwin"
  rtmp_with_capture:
    :path: ".symlinks/plugins/rtmp_with_capture/ios"
  shared_preferences_foundation:
    :path: ".symlinks/plugins/shared_preferences_foundation/darwin"
  url_launcher_ios:
    :path: ".symlinks/plugins/url_launcher_ios/ios"

SPEC CHECKSUMS:
  BIJKPlayer: 4c5d66e5cb99ae5bade6f22a4fcc031722a81c64
  fijkplayer: 8b6d864948dc28e6e07248ed4fce61a7467db4df
  Flutter: e0871f40cf51350855a761d2e70bf5af5b9b5de7
  flutter_live: efecc5d284c5a3721d436eebd5ea4322eef31a08
  flutter_webrtc: 55df3aaa802114dad390191a46c2c8d535751268
  HaishinKit: d1786896ace24065d466bde02356c5352ac001b0
  Logboard: e74ec2d9941abd22f4db3a3ddcd0735011df92c7
  package_info_plus: fd030dabf36271f146f1f3beacd48f564b0f17f7
  path_provider_foundation: 29f094ae23ebbca9d3d0cec13889cd9060c0e943
  rtmp_with_capture: e1f17d7411b2b53eeadaef7aa5b23e804b1d6da9
  shared_preferences_foundation: 5b919d13b803cadd15ed2dc053125c68730e5126
  url_launcher_ios: 08a3dfac5fb39e8759aeb0abbd5d9480f30fc8b4
  WebRTC-SDK: c24d2a6c9f571f2ed42297cb8ffba9557093142b

PODFILE CHECKSUM: 4e8f8b2be68aeea4c0d5beb6ff1e79fface1d048

COCOAPODS: 1.14.3
